
Microsoft Visual Studio Solution File, Format Version 12.00
# Visual Studio Version 16
VisualStudioVersion = 16.0.29424.173
MinimumVisualStudioVersion = 10.0.40219.1
Project("{9A19103F-16F7-4668-BE54-9A1E7A4F7556}") = "TinyLang.Compiler.Core", "TinyLang.Compiler.Core\TinyLang.Compiler.Core.csproj", "{B6B50E70-110F-41D1-9191-A8E5CE1FD5F5}"
EndProject
Project("{9A19103F-16F7-4668-BE54-9A1E7A4F7556}") = "TinyLang.CLI", "TinyLang.CLI\TinyLang.CLI.csproj", "{F7797F81-BAAB-4FE0-807B-68E966135861}"
EndProject
Project("{2150E333-8FDC-42A3-9474-1A3956D46DE8}") = "Examples", "Examples", "{D447A1FD-E851-4171-A574-FEC6B62BE548}"
	ProjectSection(SolutionItems) = preProject
		Examples\Sample01.tl = Examples\Sample01.tl
		Test.tl = Test.tl
	EndProjectSection
EndProject
Project("{9A19103F-16F7-4668-BE54-9A1E7A4F7556}") = "TinyLang.Fluent", "TinyLang.Fluent\TinyLang.Fluent.csproj", "{7876D21E-4F03-4DD9-9A42-D637120AB3B7}"
EndProject
Project("{9A19103F-16F7-4668-BE54-9A1E7A4F7556}") = "TinyLang.IDE", "TinyLang.IDE\TinyLang.IDE.csproj", "{3531D28B-2E8F-4375-A3EA-42974B5823CB}"
EndProject
Global
	GlobalSection(SolutionConfigurationPlatforms) = preSolution
		Debug|Any CPU = Debug|Any CPU
		Release|Any CPU = Release|Any CPU
	EndGlobalSection
	GlobalSection(ProjectConfigurationPlatforms) = postSolution
		{B6B50E70-110F-41D1-9191-A8E5CE1FD5F5}.Debug|Any CPU.ActiveCfg = Debug|Any CPU
		{B6B50E70-110F-41D1-9191-A8E5CE1FD5F5}.Debug|Any CPU.Build.0 = Debug|Any CPU
		{B6B50E70-110F-41D1-9191-A8E5CE1FD5F5}.Release|Any CPU.ActiveCfg = Release|Any CPU
		{B6B50E70-110F-41D1-9191-A8E5CE1FD5F5}.Release|Any CPU.Build.0 = Release|Any CPU
		{F7797F81-BAAB-4FE0-807B-68E966135861}.Debug|Any CPU.ActiveCfg = Debug|Any CPU
		{F7797F81-BAAB-4FE0-807B-68E966135861}.Debug|Any CPU.Build.0 = Debug|Any CPU
		{F7797F81-BAAB-4FE0-807B-68E966135861}.Release|Any CPU.ActiveCfg = Release|Any CPU
		{F7797F81-BAAB-4FE0-807B-68E966135861}.Release|Any CPU.Build.0 = Release|Any CPU
		{7876D21E-4F03-4DD9-9A42-D637120AB3B7}.Debug|Any CPU.ActiveCfg = Debug|Any CPU
		{7876D21E-4F03-4DD9-9A42-D637120AB3B7}.Debug|Any CPU.Build.0 = Debug|Any CPU
		{7876D21E-4F03-4DD9-9A42-D637120AB3B7}.Release|Any CPU.ActiveCfg = Release|Any CPU
		{7876D21E-4F03-4DD9-9A42-D637120AB3B7}.Release|Any CPU.Build.0 = Release|Any CPU
		{3531D28B-2E8F-4375-A3EA-42974B5823CB}.Debug|Any CPU.ActiveCfg = Debug|Any CPU
		{3531D28B-2E8F-4375-A3EA-42974B5823CB}.Debug|Any CPU.Build.0 = Debug|Any CPU
		{3531D28B-2E8F-4375-A3EA-42974B5823CB}.Release|Any CPU.ActiveCfg = Release|Any CPU
		{3531D28B-2E8F-4375-A3EA-42974B5823CB}.Release|Any CPU.Build.0 = Release|Any CPU
	EndGlobalSection
	GlobalSection(SolutionProperties) = preSolution
		HideSolutionNode = FALSE
	EndGlobalSection
	GlobalSection(ExtensibilityGlobals) = postSolution
		SolutionGuid = {1F14A36E-8955-4304-9089-C1AC5B703F01}
	EndGlobalSection
EndGlobal
